
Microsoft Visual Studio Solution File, Format Version 12.00
# Visual Studio Version 16
VisualStudioVersion = 16.0.30907.101
MinimumVisualStudioVersion = 10.0.40219.1
Project("{FAE04EC0-301F-11D3-BF4B-00C04F79EFBC}") = "CV--EMON_RASEL_IQBAL", "CV--EMON_RASEL_IQBAL\CV--EMON_RASEL_IQBAL.csproj", "{27CD362C-1695-4E63-B411-0584687235CB}"
EndProject
Global
	GlobalSection(SolutionConfigurationPlatforms) = preSolution
		Debug|Any CPU = Debug|Any CPU
		Release|Any CPU = Release|Any CPU
	EndGlobalSection
	GlobalSection(ProjectConfigurationPlatforms) = postSolution
		{27CD362C-1695-4E63-B411-0584687235CB}.Debug|Any CPU.ActiveCfg = Debug|Any CPU
		{27CD362C-1695-4E63-B411-0584687235CB}.Debug|Any CPU.Build.0 = Debug|Any CPU
		{27CD362C-1695-4E63-B411-0584687235CB}.Release|Any CPU.ActiveCfg = Release|Any CPU
		{27CD362C-1695-4E63-B411-0584687235CB}.Release|Any CPU.Build.0 = Release|Any CPU
	EndGlobalSection
	GlobalSection(SolutionProperties) = preSolution
		HideSolutionNode = FALSE
	EndGlobalSection
	GlobalSection(ExtensibilityGlobals) = postSolution
		SolutionGuid = {114DE0BE-BD87-4461-A518-077580147466}
	EndGlobalSection
EndGlobal
