
Microsoft Visual Studio Solution File, Format Version 12.00
# Visual Studio Version 16
VisualStudioVersion = 16.0.30907.101
MinimumVisualStudioVersion = 10.0.40219.1
Project("{FAE04EC0-301F-11D3-BF4B-00C04F79EFBC}") = "TASK_3~4", "TASK_3~4\TASK_3~4.csproj", "{2F3DA436-551D-49DE-8257-FD62563D25AA}"
EndProject
Project("{FAE04EC0-301F-11D3-BF4B-00C04F79EFBC}") = "TASK_3~1", "TASK_3~1\TASK_3~1.csproj", "{3A3FF9D6-909E-42AC-98F3-8B0495D31FC4}"
EndProject
Project("{FAE04EC0-301F-11D3-BF4B-00C04F79EFBC}") = "TASK_3~2", "TASK_3~2\TASK_3~2.csproj", "{32F9FB93-FDFF-43BF-9F5F-6C126DBA8BE5}"
EndProject
Project("{FAE04EC0-301F-11D3-BF4B-00C04F79EFBC}") = "TASK_3~5", "TASK_3~5\TASK_3~5.csproj", "{9F3BAB99-34E2-4471-B577-EE0BA012552B}"
EndProject
Project("{FAE04EC0-301F-11D3-BF4B-00C04F79EFBC}") = "TASK_3~3", "TASK_3~3\TASK_3~3.csproj", "{7E575502-78D8-4D5A-A8C5-3D28B9520926}"
EndProject
Global
	GlobalSection(SolutionConfigurationPlatforms) = preSolution
		Debug|Any CPU = Debug|Any CPU
		Release|Any CPU = Release|Any CPU
	EndGlobalSection
	GlobalSection(ProjectConfigurationPlatforms) = postSolution
		{2F3DA436-551D-49DE-8257-FD62563D25AA}.Debug|Any CPU.ActiveCfg = Debug|Any CPU
		{2F3DA436-551D-49DE-8257-FD62563D25AA}.Debug|Any CPU.Build.0 = Debug|Any CPU
		{2F3DA436-551D-49DE-8257-FD62563D25AA}.Release|Any CPU.ActiveCfg = Release|Any CPU
		{2F3DA436-551D-49DE-8257-FD62563D25AA}.Release|Any CPU.Build.0 = Release|Any CPU
		{3A3FF9D6-909E-42AC-98F3-8B0495D31FC4}.Debug|Any CPU.ActiveCfg = Debug|Any CPU
		{3A3FF9D6-909E-42AC-98F3-8B0495D31FC4}.Debug|Any CPU.Build.0 = Debug|Any CPU
		{3A3FF9D6-909E-42AC-98F3-8B0495D31FC4}.Release|Any CPU.ActiveCfg = Release|Any CPU
		{3A3FF9D6-909E-42AC-98F3-8B0495D31FC4}.Release|Any CPU.Build.0 = Release|Any CPU
		{32F9FB93-FDFF-43BF-9F5F-6C126DBA8BE5}.Debug|Any CPU.ActiveCfg = Debug|Any CPU
		{32F9FB93-FDFF-43BF-9F5F-6C126DBA8BE5}.Debug|Any CPU.Build.0 = Debug|Any CPU
		{32F9FB93-FDFF-43BF-9F5F-6C126DBA8BE5}.Release|Any CPU.ActiveCfg = Release|Any CPU
		{32F9FB93-FDFF-43BF-9F5F-6C126DBA8BE5}.Release|Any CPU.Build.0 = Release|Any CPU
		{9F3BAB99-34E2-4471-B577-EE0BA012552B}.Debug|Any CPU.ActiveCfg = Debug|Any CPU
		{9F3BAB99-34E2-4471-B577-EE0BA012552B}.Debug|Any CPU.Build.0 = Debug|Any CPU
		{9F3BAB99-34E2-4471-B577-EE0BA012552B}.Release|Any CPU.ActiveCfg = Release|Any CPU
		{9F3BAB99-34E2-4471-B577-EE0BA012552B}.Release|Any CPU.Build.0 = Release|Any CPU
		{7E575502-78D8-4D5A-A8C5-3D28B9520926}.Debug|Any CPU.ActiveCfg = Debug|Any CPU
		{7E575502-78D8-4D5A-A8C5-3D28B9520926}.Debug|Any CPU.Build.0 = Debug|Any CPU
		{7E575502-78D8-4D5A-A8C5-3D28B9520926}.Release|Any CPU.ActiveCfg = Release|Any CPU
		{7E575502-78D8-4D5A-A8C5-3D28B9520926}.Release|Any CPU.Build.0 = Release|Any CPU
	EndGlobalSection
	GlobalSection(SolutionProperties) = preSolution
		HideSolutionNode = FALSE
	EndGlobalSection
	GlobalSection(ExtensibilityGlobals) = postSolution
		SolutionGuid = {5D726CDB-D69E-4EA2-9AB6-E1AAE88D2E70}
	EndGlobalSection
EndGlobal

